
Microsoft Visual Studio Solution File, Format Version 12.00
# Visual Studio Version 16
VisualStudioVersion = 16.0.28803.202
MinimumVisualStudioVersion = 10.0.40219.1
Project("{FAE04EC0-301F-11D3-BF4B-00C04F79EFBC}") = "BubbleSortArray", "BubbleSortArray\BubbleSortArray.csproj", "{50D93FBA-E059-4243-812B-C69BAC0DA62A}"
EndProject
Global
	GlobalSection(SolutionConfigurationPlatforms) = preSolution
		Debug|Any CPU = Debug|Any CPU
		Release|Any CPU = Release|Any CPU
	EndGlobalSection
	GlobalSection(ProjectConfigurationPlatforms) = postSolution
		{50D93FBA-E059-4243-812B-C69BAC0DA62A}.Debug|Any CPU.ActiveCfg = Debug|Any CPU
		{50D93FBA-E059-4243-812B-C69BAC0DA62A}.Debug|Any CPU.Build.0 = Debug|Any CPU
		{50D93FBA-E059-4243-812B-C69BAC0DA62A}.Release|Any CPU.ActiveCfg = Release|Any CPU
		{50D93FBA-E059-4243-812B-C69BAC0DA62A}.Release|Any CPU.Build.0 = Release|Any CPU
	EndGlobalSection
	GlobalSection(SolutionProperties) = preSolution
		HideSolutionNode = FALSE
	EndGlobalSection
	GlobalSection(ExtensibilityGlobals) = postSolution
		SolutionGuid = {1260FFAA-8730-456A-BA53-4428076FD816}
	EndGlobalSection
EndGlobal
